
Microsoft Visual Studio Solution File, Format Version 12.00
# Visual Studio Version 16
VisualStudioVersion = 16.0.30114.105
MinimumVisualStudioVersion = 10.0.40219.1
Project("{FAE04EC0-301F-11D3-BF4B-00C04F79EFBC}") = "nhapxuatmang", "nhapxuatmang\nhapxuatmang.csproj", "{36E81B63-2465-40A3-B53D-42209181E22F}"
EndProject
Global
	GlobalSection(SolutionConfigurationPlatforms) = preSolution
		Debug|Any CPU = Debug|Any CPU
		Release|Any CPU = Release|Any CPU
	EndGlobalSection
	GlobalSection(ProjectConfigurationPlatforms) = postSolution
		{36E81B63-2465-40A3-B53D-42209181E22F}.Debug|Any CPU.ActiveCfg = Debug|Any CPU
		{36E81B63-2465-40A3-B53D-42209181E22F}.Debug|Any CPU.Build.0 = Debug|Any CPU
		{36E81B63-2465-40A3-B53D-42209181E22F}.Release|Any CPU.ActiveCfg = Release|Any CPU
		{36E81B63-2465-40A3-B53D-42209181E22F}.Release|Any CPU.Build.0 = Release|Any CPU
	EndGlobalSection
	GlobalSection(SolutionProperties) = preSolution
		HideSolutionNode = FALSE
	EndGlobalSection
	GlobalSection(ExtensibilityGlobals) = postSolution
		SolutionGuid = {A6A00014-0015-4334-9455-60E80505BF12}
	EndGlobalSection
EndGlobal
